<Solution>
  <Configurations>
    <Configuration Name="Debug" Platform="Any CPU" />
    <Configuration Name="Debug" Platform="x64" />
    <Configuration Name="Debug" Platform="x86" />
    <Configuration Name="Release" Platform="Any CPU" />
    <Configuration Name="Release" Platform="x64" />
    <Configuration Name="Release" Platform="x86" />
  </Configurations>
  <Project Path="MX.TripSideKick.Application/MX.TripSideKick.Application.csproj" />
  <Project Path="MX.TripSideKick.Domain/MX.TripSideKick.Domain.csproj" />
  <Project Path="MX.TripSideKick.Infrastructure/MX.TripSideKick.Infrastructure.csproj" />
  <Project Path="MX.TripSideKick.Web.Tests/MX.TripSideKick.Web.Tests.csproj" />
  <Project Path="MX.TripSideKick.Web/MX.TripSideKick.Web.csproj" />
</Solution>
